
Microsoft Visual Studio Solution File, Format Version 12.00
Project("{FAE04EC0-301F-11D3-BF4B-00C04F79EFBC}") = "CookedGrenadesKill", "CookedGrenadesKill\CookedGrenadesKill.csproj", "{F72ABEAB-B7C1-4E41-8781-C0ADB972D168}"
EndProject
Global
	GlobalSection(SolutionConfigurationPlatforms) = preSolution
		Debug|Any CPU = Debug|Any CPU
		Release|Any CPU = Release|Any CPU
	EndGlobalSection
	GlobalSection(ProjectConfigurationPlatforms) = postSolution
		{F72ABEAB-B7C1-4E41-8781-C0ADB972D168}.Debug|Any CPU.ActiveCfg = Debug|Any CPU
		{F72ABEAB-B7C1-4E41-8781-C0ADB972D168}.Debug|Any CPU.Build.0 = Debug|Any CPU
		{F72ABEAB-B7C1-4E41-8781-C0ADB972D168}.Release|Any CPU.ActiveCfg = Release|Any CPU
		{F72ABEAB-B7C1-4E41-8781-C0ADB972D168}.Release|Any CPU.Build.0 = Release|Any CPU
	EndGlobalSection
EndGlobal
